
Microsoft Visual Studio Solution File, Format Version 12.00
# Visual Studio Version 17
VisualStudioVersion = 17.11.35222.181
MinimumVisualStudioVersion = 10.0.40219.1
Project("{FAE04EC0-301F-11D3-BF4B-00C04F79EFBC}") = "Web", "Web\Web.csproj", "{1BEC81BA-FA14-4279-96FC-37E0FEE42002}"
EndProject
Project("{FAE04EC0-301F-11D3-BF4B-00C04F79EFBC}") = "Datos", "Datos\Datos.csproj", "{A5DE2D82-34F6-4CAA-9E36-D861BAE509C0}"
EndProject
Project("{FAE04EC0-301F-11D3-BF4B-00C04F79EFBC}") = "Logica", "Logica\Logica.csproj", "{D7324BBE-EC12-42FD-8E7B-4148C17A3CD1}"
EndProject
Project("{FAE04EC0-301F-11D3-BF4B-00C04F79EFBC}") = "Modelos", "Modelos\Modelos.csproj", "{D3CFB041-18B8-46ED-991F-67210561DC6D}"
EndProject
Global
	GlobalSection(SolutionConfigurationPlatforms) = preSolution
		Debug|Any CPU = Debug|Any CPU
		Release|Any CPU = Release|Any CPU
	EndGlobalSection
	GlobalSection(ProjectConfigurationPlatforms) = postSolution
		{1BEC81BA-FA14-4279-96FC-37E0FEE42002}.Debug|Any CPU.ActiveCfg = Debug|Any CPU
		{1BEC81BA-FA14-4279-96FC-37E0FEE42002}.Debug|Any CPU.Build.0 = Debug|Any CPU
		{1BEC81BA-FA14-4279-96FC-37E0FEE42002}.Release|Any CPU.ActiveCfg = Release|Any CPU
		{1BEC81BA-FA14-4279-96FC-37E0FEE42002}.Release|Any CPU.Build.0 = Release|Any CPU
		{A5DE2D82-34F6-4CAA-9E36-D861BAE509C0}.Debug|Any CPU.ActiveCfg = Debug|Any CPU
		{A5DE2D82-34F6-4CAA-9E36-D861BAE509C0}.Debug|Any CPU.Build.0 = Debug|Any CPU
		{A5DE2D82-34F6-4CAA-9E36-D861BAE509C0}.Release|Any CPU.ActiveCfg = Release|Any CPU
		{A5DE2D82-34F6-4CAA-9E36-D861BAE509C0}.Release|Any CPU.Build.0 = Release|Any CPU
		{D7324BBE-EC12-42FD-8E7B-4148C17A3CD1}.Debug|Any CPU.ActiveCfg = Debug|Any CPU
		{D7324BBE-EC12-42FD-8E7B-4148C17A3CD1}.Debug|Any CPU.Build.0 = Debug|Any CPU
		{D7324BBE-EC12-42FD-8E7B-4148C17A3CD1}.Release|Any CPU.ActiveCfg = Release|Any CPU
		{D7324BBE-EC12-42FD-8E7B-4148C17A3CD1}.Release|Any CPU.Build.0 = Release|Any CPU
		{D3CFB041-18B8-46ED-991F-67210561DC6D}.Debug|Any CPU.ActiveCfg = Debug|Any CPU
		{D3CFB041-18B8-46ED-991F-67210561DC6D}.Debug|Any CPU.Build.0 = Debug|Any CPU
		{D3CFB041-18B8-46ED-991F-67210561DC6D}.Release|Any CPU.ActiveCfg = Release|Any CPU
		{D3CFB041-18B8-46ED-991F-67210561DC6D}.Release|Any CPU.Build.0 = Release|Any CPU
	EndGlobalSection
	GlobalSection(SolutionProperties) = preSolution
		HideSolutionNode = FALSE
	EndGlobalSection
	GlobalSection(ExtensibilityGlobals) = postSolution
		SolutionGuid = {440F76A6-2308-40FB-85F9-91B6FCAB7352}
	EndGlobalSection
EndGlobal
